{
  "version": 4,
  "terraform_version": "1.3.6",
  "serial": 8,
  "lineage": "cc29db46-ba7e-d15a-ab0c-facd08d21b53",
  "outputs": {},
  "resources": [
    {
      "mode": "managed",
      "type": "helm_release",
      "name": "ingress_nginx_release",
      "provider": "provider[\"registry.terraform.io/hashicorp/helm\"]",
      "instances": [
        {
          "schema_version": 0,
          "attributes": {
            "atomic": false,
            "chart": "../../../charts/ingress-nginx/chart",
            "cleanup_on_fail": false,
            "create_namespace": false,
            "dependency_update": false,
            "description": null,
            "devel": null,
            "disable_crd_hooks": false,
            "disable_openapi_validation": false,
            "disable_webhooks": false,
            "force_update": false,
            "id": "ingress-nginx",
            "keyring": null,
            "lint": false,
            "manifest": null,
            "max_history": 0,
            "metadata": [
              {
                "app_version": "1.2.1",
                "chart": "ingress-nginx",
                "name": "ingress-nginx",
                "namespace": "ingress-nginx",
                "revision": 1,
                "values": "null",
                "version": "4.1.3"
              }
            ],
            "name": "ingress-nginx",
            "namespace": "ingress-nginx",
            "postrender": [],
            "recreate_pods": false,
            "render_subchart_notes": true,
            "replace": false,
            "repository": null,
            "repository_ca_file": null,
            "repository_cert_file": null,
            "repository_key_file": null,
            "repository_password": null,
            "repository_username": null,
            "reset_values": false,
            "reuse_values": false,
            "set": [],
            "set_sensitive": [],
            "skip_crds": false,
            "status": "deployed",
            "timeout": 300,
            "values": [
              ""
            ],
            "verify": false,
            "version": "4.1.3",
            "wait": true,
            "wait_for_jobs": false
          },
          "sensitive_attributes": [],
          "private": "bnVsbA==",
          "dependencies": [
            "kubernetes_namespace.ingress_nginx_namespace"
          ]
        }
      ]
    },
    {
      "mode": "managed",
      "type": "helm_release",
      "name": "istio_base_release",
      "provider": "provider[\"registry.terraform.io/hashicorp/helm\"]",
      "instances": [
        {
          "schema_version": 0,
          "attributes": {
            "atomic": false,
            "chart": "../../../charts/istio-base",
            "cleanup_on_fail": false,
            "create_namespace": false,
            "dependency_update": false,
            "description": null,
            "devel": null,
            "disable_crd_hooks": false,
            "disable_openapi_validation": false,
            "disable_webhooks": false,
            "force_update": false,
            "id": "istio-base",
            "keyring": null,
            "lint": false,
            "manifest": null,
            "max_history": 0,
            "metadata": [
              {
                "app_version": "1.16.1",
                "chart": "base",
                "name": "istio-base",
                "namespace": "istio-system",
                "revision": 1,
                "values": "{\"base\":{\"enableCRDTemplates\":false,\"enableIstioConfigCRDs\":true,\"validationURL\":\"\"},\"defaultRevision\":\"default\",\"global\":{\"configValidation\":true,\"externalIstiod\":false,\"imagePullSecrets\":[],\"istioNamespace\":\"istio-system\",\"istiod\":{\"enableAnalysis\":false},\"remotePilotAddress\":\"\"}}",
                "version": "1.16.1"
              }
            ],
            "name": "istio-base",
            "namespace": "istio-system",
            "postrender": [],
            "recreate_pods": false,
            "render_subchart_notes": true,
            "replace": false,
            "repository": null,
            "repository_ca_file": null,
            "repository_cert_file": null,
            "repository_key_file": null,
            "repository_password": null,
            "repository_username": null,
            "reset_values": false,
            "reuse_values": false,
            "set": [],
            "set_sensitive": [],
            "skip_crds": false,
            "status": "deployed",
            "timeout": 300,
            "values": [
              "global:\n\n  # ImagePullSecrets for control plane ServiceAccount, list of secrets in the same namespace\n  # to use for pulling any images in pods that reference this ServiceAccount.\n  # Must be set for any cluster configured with private docker registry.\n  imagePullSecrets: []\n\n  # Used to locate istiod.\n  istioNamespace: istio-system\n\n  istiod:\n    enableAnalysis: false\n\n  configValidation: true\n  externalIstiod: false\n  remotePilotAddress: \"\"\n\nbase:\n  # Used for helm2 to add the CRDs to templates.\n  enableCRDTemplates: false\n\n  # Validation webhook configuration url\n  # For example: https://$remotePilotAddress:15017/validate\n  validationURL: \"\"\n\n  # For istioctl usage to disable istio config crds in base\n  enableIstioConfigCRDs: true\n\ndefaultRevision: \"default\"\n"
            ],
            "verify": false,
            "version": "1.16.1",
            "wait": true,
            "wait_for_jobs": false
          },
          "sensitive_attributes": [],
          "private": "bnVsbA==",
          "dependencies": [
            "kubernetes_namespace.istio_system_namespace"
          ]
        }
      ]
    },
    {
      "mode": "managed",
      "type": "kubernetes_namespace",
      "name": "ingress_nginx_namespace",
      "provider": "provider[\"registry.terraform.io/hashicorp/kubernetes\"]",
      "instances": [
        {
          "schema_version": 0,
          "attributes": {
            "id": "ingress-nginx",
            "metadata": [
              {
                "annotations": {},
                "generate_name": "",
                "generation": 0,
                "labels": {},
                "name": "ingress-nginx",
                "resource_version": "861",
                "uid": "48a743c2-4b1f-4b7a-9f8e-96cea5ceccd1"
              }
            ],
            "timeouts": null
          },
          "sensitive_attributes": [],
          "private": "eyJlMmJmYjczMC1lY2FhLTExZTYtOGY4OC0zNDM2M2JjN2M0YzAiOnsiZGVsZXRlIjozMDAwMDAwMDAwMDB9fQ=="
        }
      ]
    },
    {
      "mode": "managed",
      "type": "kubernetes_namespace",
      "name": "inventory_namespace",
      "provider": "provider[\"registry.terraform.io/hashicorp/kubernetes\"]",
      "instances": [
        {
          "schema_version": 0,
          "attributes": {
            "id": "inventory",
            "metadata": [
              {
                "annotations": {},
                "generate_name": "",
                "generation": 0,
                "labels": {},
                "name": "inventory",
                "resource_version": "860",
                "uid": "6c7e6215-d69d-448a-9ba5-61e1938cb325"
              }
            ],
            "timeouts": null
          },
          "sensitive_attributes": [],
          "private": "eyJlMmJmYjczMC1lY2FhLTExZTYtOGY4OC0zNDM2M2JjN2M0YzAiOnsiZGVsZXRlIjozMDAwMDAwMDAwMDB9fQ=="
        }
      ]
    },
    {
      "mode": "managed",
      "type": "kubernetes_namespace",
      "name": "istio_system_namespace",
      "provider": "provider[\"registry.terraform.io/hashicorp/kubernetes\"]",
      "instances": [
        {
          "schema_version": 0,
          "attributes": {
            "id": "istio-system",
            "metadata": [
              {
                "annotations": null,
                "generate_name": "",
                "generation": 0,
                "labels": null,
                "name": "istio-system",
                "resource_version": "1533",
                "uid": "8f55dcfc-c2b7-4949-9da0-0cd8ccb0fb91"
              }
            ],
            "timeouts": null
          },
          "sensitive_attributes": [],
          "private": "eyJlMmJmYjczMC1lY2FhLTExZTYtOGY4OC0zNDM2M2JjN2M0YzAiOnsiZGVsZXRlIjozMDAwMDAwMDAwMDB9fQ=="
        }
      ]
    }
  ],
  "check_results": null
}
